// !$*UTF8*$!
{
	archiveVersion = 1;
	classes = {
	};
	objectVersion = 55;
	objects = {

/* Begin PBXBuildFile section */
		6603CB267BC3BBC0D4F82402 /* Pods_MyPet.framework in Frameworks */ = {isa = PBXBuildFile; fileRef = 1CE5079BF546F3CFAB19D830 /* Pods_MyPet.framework */; };
		8833EA831D4BA79F05A50D37 /* Pods_MyPet_MyPetUITests.framework in Frameworks */ = {isa = PBXBuildFile; fileRef = E35DD91E116BF448A0B58ADB /* Pods_MyPet_MyPetUITests.framework */; };
		9195B4ED75DD37B3EB932C9E /* Pods_MyPetTests.framework in Frameworks */ = {isa = PBXBuildFile; fileRef = 7C126A3D316099AACBD21879 /* Pods_MyPetTests.framework */; };
		E6007B5129BEE35A008E2FE2 /* GoogleService-Info.plist in Resources */ = {isa = PBXBuildFile; fileRef = E6007B5029BEE35A008E2FE2 /* GoogleService-Info.plist */; };
		E6007B5229BEE35A008E2FE2 /* GoogleService-Info.plist in Resources */ = {isa = PBXBuildFile; fileRef = E6007B5029BEE35A008E2FE2 /* GoogleService-Info.plist */; };
		E6007B5329BEE35A008E2FE2 /* GoogleService-Info.plist in Resources */ = {isa = PBXBuildFile; fileRef = E6007B5029BEE35A008E2FE2 /* GoogleService-Info.plist */; };
		E610823829BC467500DAD1D4 /* AppDelegate.swift in Sources */ = {isa = PBXBuildFile; fileRef = E610823729BC467500DAD1D4 /* AppDelegate.swift */; };
		E610823A29BC467500DAD1D4 /* SceneDelegate.swift in Sources */ = {isa = PBXBuildFile; fileRef = E610823929BC467500DAD1D4 /* SceneDelegate.swift */; };
		E610823C29BC467500DAD1D4 /* HomeVC.swift in Sources */ = {isa = PBXBuildFile; fileRef = E610823B29BC467500DAD1D4 /* HomeVC.swift */; };
		E610823F29BC467500DAD1D4 /* Main.storyboard in Resources */ = {isa = PBXBuildFile; fileRef = E610823D29BC467500DAD1D4 /* Main.storyboard */; };
		E610824129BC467500DAD1D4 /* Assets.xcassets in Resources */ = {isa = PBXBuildFile; fileRef = E610824029BC467500DAD1D4 /* Assets.xcassets */; };
		E610824429BC467500DAD1D4 /* LaunchScreen.storyboard in Resources */ = {isa = PBXBuildFile; fileRef = E610824229BC467500DAD1D4 /* LaunchScreen.storyboard */; };
		E610824F29BC467500DAD1D4 /* MyPetTests.swift in Sources */ = {isa = PBXBuildFile; fileRef = E610824E29BC467500DAD1D4 /* MyPetTests.swift */; };
		E610825929BC467500DAD1D4 /* MyPetUITests.swift in Sources */ = {isa = PBXBuildFile; fileRef = E610825829BC467500DAD1D4 /* MyPetUITests.swift */; };
		E610825B29BC467500DAD1D4 /* MyPetUITestsLaunchTests.swift in Sources */ = {isa = PBXBuildFile; fileRef = E610825A29BC467500DAD1D4 /* MyPetUITestsLaunchTests.swift */; };
		E610826929BC4A2E00DAD1D4 /* ListVC.swift in Sources */ = {isa = PBXBuildFile; fileRef = E610826829BC4A2E00DAD1D4 /* ListVC.swift */; };
		E610826B29BC4A3900DAD1D4 /* CalVC.swift in Sources */ = {isa = PBXBuildFile; fileRef = E610826A29BC4A3900DAD1D4 /* CalVC.swift */; };
		E610826D29BC4A4200DAD1D4 /* SetVC.swift in Sources */ = {isa = PBXBuildFile; fileRef = E610826C29BC4A4200DAD1D4 /* SetVC.swift */; };
		E610827429BC4BE700DAD1D4 /* HomeMainCell.swift in Sources */ = {isa = PBXBuildFile; fileRef = E610827229BC4BE700DAD1D4 /* HomeMainCell.swift */; };
		E610827529BC4BE700DAD1D4 /* HomeMainCell.xib in Resources */ = {isa = PBXBuildFile; fileRef = E610827329BC4BE700DAD1D4 /* HomeMainCell.xib */; };
		E610827729BC4C3B00DAD1D4 /* IntroVC.swift in Sources */ = {isa = PBXBuildFile; fileRef = E610827629BC4C3B00DAD1D4 /* IntroVC.swift */; };
		E610827929BC534800DAD1D4 /* InitVC.swift in Sources */ = {isa = PBXBuildFile; fileRef = E610827829BC534800DAD1D4 /* InitVC.swift */; };
		E610827B29BC5A3200DAD1D4 /* ImgInfo.swift in Sources */ = {isa = PBXBuildFile; fileRef = E610827A29BC5A3200DAD1D4 /* ImgInfo.swift */; };
		E610827D29BC5A4E00DAD1D4 /* FoodInfo.swift in Sources */ = {isa = PBXBuildFile; fileRef = E610827C29BC5A4E00DAD1D4 /* FoodInfo.swift */; };
		E610827F29BC5A8900DAD1D4 /* ListInfo.swift in Sources */ = {isa = PBXBuildFile; fileRef = E610827E29BC5A8900DAD1D4 /* ListInfo.swift */; };
		E649E36029C158E500565CEF /* Network.swift in Sources */ = {isa = PBXBuildFile; fileRef = E649E35F29C158E500565CEF /* Network.swift */; };
		E649E36229C158F200565CEF /* Data.swift in Sources */ = {isa = PBXBuildFile; fileRef = E649E36129C158F200565CEF /* Data.swift */; };
		E649E36529C1598800565CEF /* Alert.swift in Sources */ = {isa = PBXBuildFile; fileRef = E649E36429C1598800565CEF /* Alert.swift */; };
		E68679B429ED3502007EB4CF /* HeadCell.swift in Sources */ = {isa = PBXBuildFile; fileRef = E68679B229ED3502007EB4CF /* HeadCell.swift */; };
		E68679B529ED3502007EB4CF /* HeadCell.xib in Resources */ = {isa = PBXBuildFile; fileRef = E68679B329ED3502007EB4CF /* HeadCell.xib */; };
		E68679B929EFA6CA007EB4CF /* HomeSecondVC.swift in Sources */ = {isa = PBXBuildFile; fileRef = E68679B829EFA6CA007EB4CF /* HomeSecondVC.swift */; };
		E68679BC29EFB5E8007EB4CF /* HomeSubCell.swift in Sources */ = {isa = PBXBuildFile; fileRef = E68679BA29EFB5E8007EB4CF /* HomeSubCell.swift */; };
		E68679BD29EFB5E8007EB4CF /* HomeSubCell.xib in Resources */ = {isa = PBXBuildFile; fileRef = E68679BB29EFB5E8007EB4CF /* HomeSubCell.xib */; };
		E68679C029F11A6E007EB4CF /* GalleryInitVC.swift in Sources */ = {isa = PBXBuildFile; fileRef = E68679BF29F11A6E007EB4CF /* GalleryInitVC.swift */; };
		E68A3FD929BEF94A006AFFC6 /* Utils.swift in Sources */ = {isa = PBXBuildFile; fileRef = E68A3FD829BEF94A006AFFC6 /* Utils.swift */; };
		E68A3FDB29C04F5E006AFFC6 /* Intro.storyboard in Resources */ = {isa = PBXBuildFile; fileRef = E68A3FDA29C04F5E006AFFC6 /* Intro.storyboard */; };
		E6D9C0D82A0885F60093550E /* GalleryVC.swift in Sources */ = {isa = PBXBuildFile; fileRef = E6D9C0D72A0885F60093550E /* GalleryVC.swift */; };
		E6D9C0DC2A08B8C00093550E /* GalleryCell.swift in Sources */ = {isa = PBXBuildFile; fileRef = E6D9C0DA2A08B8C00093550E /* GalleryCell.swift */; };
		E6D9C0DD2A08B8C00093550E /* GalleryCell.xib in Resources */ = {isa = PBXBuildFile; fileRef = E6D9C0DB2A08B8C00093550E /* GalleryCell.xib */; };
/* End PBXBuildFile section */

/* Begin PBXContainerItemProxy section */
		E610824B29BC467500DAD1D4 /* PBXContainerItemProxy */ = {
			isa = PBXContainerItemProxy;
			containerPortal = E610822C29BC467500DAD1D4 /* Project object */;
			proxyType = 1;
			remoteGlobalIDString = E610823329BC467500DAD1D4;
			remoteInfo = MyPet;
		};
		E610825529BC467500DAD1D4 /* PBXContainerItemProxy */ = {
			isa = PBXContainerItemProxy;
			containerPortal = E610822C29BC467500DAD1D4 /* Project object */;
			proxyType = 1;
			remoteGlobalIDString = E610823329BC467500DAD1D4;
			remoteInfo = MyPet;
		};
/* End PBXContainerItemProxy section */

/* Begin PBXFileReference section */
		097850BF0541EEB54E572056 /* Pods-MyPet.debug.xcconfig */ = {isa = PBXFileReference; includeInIndex = 1; lastKnownFileType = text.xcconfig; name = "Pods-MyPet.debug.xcconfig"; path = "Target Support Files/Pods-MyPet/Pods-MyPet.debug.xcconfig"; sourceTree = "<group>"; };
		1CE5079BF546F3CFAB19D830 /* Pods_MyPet.framework */ = {isa = PBXFileReference; explicitFileType = wrapper.framework; includeInIndex = 0; path = Pods_MyPet.framework; sourceTree = BUILT_PRODUCTS_DIR; };
		4C626687E8630D5D7A07D12F /* Pods-MyPet.release.xcconfig */ = {isa = PBXFileReference; includeInIndex = 1; lastKnownFileType = text.xcconfig; name = "Pods-MyPet.release.xcconfig"; path = "Target Support Files/Pods-MyPet/Pods-MyPet.release.xcconfig"; sourceTree = "<group>"; };
		5106D64318F10AB8765798DB /* Pods-MyPet-MyPetUITests.release.xcconfig */ = {isa = PBXFileReference; includeInIndex = 1; lastKnownFileType = text.xcconfig; name = "Pods-MyPet-MyPetUITests.release.xcconfig"; path = "Target Support Files/Pods-MyPet-MyPetUITests/Pods-MyPet-MyPetUITests.release.xcconfig"; sourceTree = "<group>"; };
		6ECC40759B98342D2EB56233 /* Pods-MyPet-MyPetUITests.debug.xcconfig */ = {isa = PBXFileReference; includeInIndex = 1; lastKnownFileType = text.xcconfig; name = "Pods-MyPet-MyPetUITests.debug.xcconfig"; path = "Target Support Files/Pods-MyPet-MyPetUITests/Pods-MyPet-MyPetUITests.debug.xcconfig"; sourceTree = "<group>"; };
		7C126A3D316099AACBD21879 /* Pods_MyPetTests.framework */ = {isa = PBXFileReference; explicitFileType = wrapper.framework; includeInIndex = 0; path = Pods_MyPetTests.framework; sourceTree = BUILT_PRODUCTS_DIR; };
		981E465E2772BF6958C3ACC6 /* Pods-MyPetTests.debug.xcconfig */ = {isa = PBXFileReference; includeInIndex = 1; lastKnownFileType = text.xcconfig; name = "Pods-MyPetTests.debug.xcconfig"; path = "Target Support Files/Pods-MyPetTests/Pods-MyPetTests.debug.xcconfig"; sourceTree = "<group>"; };
		A81EF01046A1B017E2A18512 /* Pods-MyPetTests.release.xcconfig */ = {isa = PBXFileReference; includeInIndex = 1; lastKnownFileType = text.xcconfig; name = "Pods-MyPetTests.release.xcconfig"; path = "Target Support Files/Pods-MyPetTests/Pods-MyPetTests.release.xcconfig"; sourceTree = "<group>"; };
		E35DD91E116BF448A0B58ADB /* Pods_MyPet_MyPetUITests.framework */ = {isa = PBXFileReference; explicitFileType = wrapper.framework; includeInIndex = 0; path = Pods_MyPet_MyPetUITests.framework; sourceTree = BUILT_PRODUCTS_DIR; };
		E6007B4F29BEDB26008E2FE2 /* MyPet.entitlements */ = {isa = PBXFileReference; lastKnownFileType = text.plist.entitlements; path = MyPet.entitlements; sourceTree = "<group>"; };
		E6007B5029BEE35A008E2FE2 /* GoogleService-Info.plist */ = {isa = PBXFileReference; fileEncoding = 4; lastKnownFileType = text.plist.xml; path = "GoogleService-Info.plist"; sourceTree = "<group>"; };
		E610823429BC467500DAD1D4 /* MyPet.app */ = {isa = PBXFileReference; explicitFileType = wrapper.application; includeInIndex = 0; path = MyPet.app; sourceTree = BUILT_PRODUCTS_DIR; };
		E610823729BC467500DAD1D4 /* AppDelegate.swift */ = {isa = PBXFileReference; lastKnownFileType = sourcecode.swift; path = AppDelegate.swift; sourceTree = "<group>"; };
		E610823929BC467500DAD1D4 /* SceneDelegate.swift */ = {isa = PBXFileReference; lastKnownFileType = sourcecode.swift; path = SceneDelegate.swift; sourceTree = "<group>"; };
		E610823B29BC467500DAD1D4 /* HomeVC.swift */ = {isa = PBXFileReference; lastKnownFileType = sourcecode.swift; path = HomeVC.swift; sourceTree = "<group>"; };
		E610823E29BC467500DAD1D4 /* Base */ = {isa = PBXFileReference; lastKnownFileType = file.storyboard; name = Base; path = Base.lproj/Main.storyboard; sourceTree = "<group>"; };
		E610824029BC467500DAD1D4 /* Assets.xcassets */ = {isa = PBXFileReference; lastKnownFileType = folder.assetcatalog; path = Assets.xcassets; sourceTree = "<group>"; };
		E610824329BC467500DAD1D4 /* Base */ = {isa = PBXFileReference; lastKnownFileType = file.storyboard; name = Base; path = Base.lproj/LaunchScreen.storyboard; sourceTree = "<group>"; };
		E610824529BC467500DAD1D4 /* Info.plist */ = {isa = PBXFileReference; lastKnownFileType = text.plist.xml; path = Info.plist; sourceTree = "<group>"; };
		E610824A29BC467500DAD1D4 /* MyPetTests.xctest */ = {isa = PBXFileReference; explicitFileType = wrapper.cfbundle; includeInIndex = 0; path = MyPetTests.xctest; sourceTree = BUILT_PRODUCTS_DIR; };
		E610824E29BC467500DAD1D4 /* MyPetTests.swift */ = {isa = PBXFileReference; lastKnownFileType = sourcecode.swift; path = MyPetTests.swift; sourceTree = "<group>"; };
		E610825429BC467500DAD1D4 /* MyPetUITests.xctest */ = {isa = PBXFileReference; explicitFileType = wrapper.cfbundle; includeInIndex = 0; path = MyPetUITests.xctest; sourceTree = BUILT_PRODUCTS_DIR; };
		E610825829BC467500DAD1D4 /* MyPetUITests.swift */ = {isa = PBXFileReference; lastKnownFileType = sourcecode.swift; path = MyPetUITests.swift; sourceTree = "<group>"; };
		E610825A29BC467500DAD1D4 /* MyPetUITestsLaunchTests.swift */ = {isa = PBXFileReference; lastKnownFileType = sourcecode.swift; path = MyPetUITestsLaunchTests.swift; sourceTree = "<group>"; };
		E610826829BC4A2E00DAD1D4 /* ListVC.swift */ = {isa = PBXFileReference; lastKnownFileType = sourcecode.swift; path = ListVC.swift; sourceTree = "<group>"; };
		E610826A29BC4A3900DAD1D4 /* CalVC.swift */ = {isa = PBXFileReference; lastKnownFileType = sourcecode.swift; path = CalVC.swift; sourceTree = "<group>"; };
		E610826C29BC4A4200DAD1D4 /* SetVC.swift */ = {isa = PBXFileReference; lastKnownFileType = sourcecode.swift; path = SetVC.swift; sourceTree = "<group>"; };
		E610827229BC4BE700DAD1D4 /* HomeMainCell.swift */ = {isa = PBXFileReference; lastKnownFileType = sourcecode.swift; path = HomeMainCell.swift; sourceTree = "<group>"; };
		E610827329BC4BE700DAD1D4 /* HomeMainCell.xib */ = {isa = PBXFileReference; lastKnownFileType = file.xib; path = HomeMainCell.xib; sourceTree = "<group>"; };
		E610827629BC4C3B00DAD1D4 /* IntroVC.swift */ = {isa = PBXFileReference; lastKnownFileType = sourcecode.swift; path = IntroVC.swift; sourceTree = "<group>"; };
		E610827829BC534800DAD1D4 /* InitVC.swift */ = {isa = PBXFileReference; lastKnownFileType = sourcecode.swift; path = InitVC.swift; sourceTree = "<group>"; };
		E610827A29BC5A3200DAD1D4 /* ImgInfo.swift */ = {isa = PBXFileReference; lastKnownFileType = sourcecode.swift; path = ImgInfo.swift; sourceTree = "<group>"; };
		E610827C29BC5A4E00DAD1D4 /* FoodInfo.swift */ = {isa = PBXFileReference; lastKnownFileType = sourcecode.swift; path = FoodInfo.swift; sourceTree = "<group>"; };
		E610827E29BC5A8900DAD1D4 /* ListInfo.swift */ = {isa = PBXFileReference; lastKnownFileType = sourcecode.swift; path = ListInfo.swift; sourceTree = "<group>"; };
		E649E35F29C158E500565CEF /* Network.swift */ = {isa = PBXFileReference; lastKnownFileType = sourcecode.swift; path = Network.swift; sourceTree = "<group>"; };
		E649E36129C158F200565CEF /* Data.swift */ = {isa = PBXFileReference; lastKnownFileType = sourcecode.swift; path = Data.swift; sourceTree = "<group>"; };
		E649E36429C1598800565CEF /* Alert.swift */ = {isa = PBXFileReference; lastKnownFileType = sourcecode.swift; path = Alert.swift; sourceTree = "<group>"; };
		E68679B229ED3502007EB4CF /* HeadCell.swift */ = {isa = PBXFileReference; lastKnownFileType = sourcecode.swift; path = HeadCell.swift; sourceTree = "<group>"; };
		E68679B329ED3502007EB4CF /* HeadCell.xib */ = {isa = PBXFileReference; lastKnownFileType = file.xib; path = HeadCell.xib; sourceTree = "<group>"; };
		E68679B829EFA6CA007EB4CF /* HomeSecondVC.swift */ = {isa = PBXFileReference; lastKnownFileType = sourcecode.swift; path = HomeSecondVC.swift; sourceTree = "<group>"; };
		E68679BA29EFB5E8007EB4CF /* HomeSubCell.swift */ = {isa = PBXFileReference; lastKnownFileType = sourcecode.swift; path = HomeSubCell.swift; sourceTree = "<group>"; };
		E68679BB29EFB5E8007EB4CF /* HomeSubCell.xib */ = {isa = PBXFileReference; lastKnownFileType = file.xib; path = HomeSubCell.xib; sourceTree = "<group>"; };
		E68679BF29F11A6E007EB4CF /* GalleryInitVC.swift */ = {isa = PBXFileReference; lastKnownFileType = sourcecode.swift; path = GalleryInitVC.swift; sourceTree = "<group>"; };
		E68A3FD829BEF94A006AFFC6 /* Utils.swift */ = {isa = PBXFileReference; lastKnownFileType = sourcecode.swift; path = Utils.swift; sourceTree = "<group>"; };
		E68A3FDA29C04F5E006AFFC6 /* Intro.storyboard */ = {isa = PBXFileReference; lastKnownFileType = file.storyboard; path = Intro.storyboard; sourceTree = "<group>"; };
		E6D9C0D72A0885F60093550E /* GalleryVC.swift */ = {isa = PBXFileReference; lastKnownFileType = sourcecode.swift; path = GalleryVC.swift; sourceTree = "<group>"; };
		E6D9C0DA2A08B8C00093550E /* GalleryCell.swift */ = {isa = PBXFileReference; lastKnownFileType = sourcecode.swift; path = GalleryCell.swift; sourceTree = "<group>"; };
		E6D9C0DB2A08B8C00093550E /* GalleryCell.xib */ = {isa = PBXFileReference; lastKnownFileType = file.xib; path = GalleryCell.xib; sourceTree = "<group>"; };
/* End PBXFileReference section */

/* Begin PBXFrameworksBuildPhase section */
		E610823129BC467500DAD1D4 /* Frameworks */ = {
			isa = PBXFrameworksBuildPhase;
			buildActionMask = 2147483647;
			files = (
				6603CB267BC3BBC0D4F82402 /* Pods_MyPet.framework in Frameworks */,
			);
			runOnlyForDeploymentPostprocessing = 0;
		};
		E610824729BC467500DAD1D4 /* Frameworks */ = {
			isa = PBXFrameworksBuildPhase;
			buildActionMask = 2147483647;
			files = (
				9195B4ED75DD37B3EB932C9E /* Pods_MyPetTests.framework in Frameworks */,
			);
			runOnlyForDeploymentPostprocessing = 0;
		};
		E610825129BC467500DAD1D4 /* Frameworks */ = {
			isa = PBXFrameworksBuildPhase;
			buildActionMask = 2147483647;
			files = (
				8833EA831D4BA79F05A50D37 /* Pods_MyPet_MyPetUITests.framework in Frameworks */,
			);
			runOnlyForDeploymentPostprocessing = 0;
		};
/* End PBXFrameworksBuildPhase section */

/* Begin PBXGroup section */
		1501C52794C94FD87A1F3EDA /* Frameworks */ = {
			isa = PBXGroup;
			children = (
				1CE5079BF546F3CFAB19D830 /* Pods_MyPet.framework */,
				E35DD91E116BF448A0B58ADB /* Pods_MyPet_MyPetUITests.framework */,
				7C126A3D316099AACBD21879 /* Pods_MyPetTests.framework */,
			);
			name = Frameworks;
			sourceTree = "<group>";
		};
		6DE7282CC5493AF879DE07D9 /* Pods */ = {
			isa = PBXGroup;
			children = (
				097850BF0541EEB54E572056 /* Pods-MyPet.debug.xcconfig */,
				4C626687E8630D5D7A07D12F /* Pods-MyPet.release.xcconfig */,
				6ECC40759B98342D2EB56233 /* Pods-MyPet-MyPetUITests.debug.xcconfig */,
				5106D64318F10AB8765798DB /* Pods-MyPet-MyPetUITests.release.xcconfig */,
				981E465E2772BF6958C3ACC6 /* Pods-MyPetTests.debug.xcconfig */,
				A81EF01046A1B017E2A18512 /* Pods-MyPetTests.release.xcconfig */,
			);
			path = Pods;
			sourceTree = "<group>";
		};
		E610822B29BC467500DAD1D4 = {
			isa = PBXGroup;
			children = (
				E610823629BC467500DAD1D4 /* MyPet */,
				E610824D29BC467500DAD1D4 /* MyPetTests */,
				E610825729BC467500DAD1D4 /* MyPetUITests */,
				E610823529BC467500DAD1D4 /* Products */,
				6DE7282CC5493AF879DE07D9 /* Pods */,
				1501C52794C94FD87A1F3EDA /* Frameworks */,
			);
			sourceTree = "<group>";
		};
		E610823529BC467500DAD1D4 /* Products */ = {
			isa = PBXGroup;
			children = (
				E610823429BC467500DAD1D4 /* MyPet.app */,
				E610824A29BC467500DAD1D4 /* MyPetTests.xctest */,
				E610825429BC467500DAD1D4 /* MyPetUITests.xctest */,
			);
			name = Products;
			sourceTree = "<group>";
		};
		E610823629BC467500DAD1D4 /* MyPet */ = {
			isa = PBXGroup;
			children = (
				E6007B4F29BEDB26008E2FE2 /* MyPet.entitlements */,
				E610823729BC467500DAD1D4 /* AppDelegate.swift */,
				E610823929BC467500DAD1D4 /* SceneDelegate.swift */,
				E610824029BC467500DAD1D4 /* Assets.xcassets */,
				E68A3FDA29C04F5E006AFFC6 /* Intro.storyboard */,
				E610823D29BC467500DAD1D4 /* Main.storyboard */,
				E610824229BC467500DAD1D4 /* LaunchScreen.storyboard */,
				E6007B5029BEE35A008E2FE2 /* GoogleService-Info.plist */,
				E610824529BC467500DAD1D4 /* Info.plist */,
				E610826729BC4A0500DAD1D4 /* VC */,
				E610827129BC4BD000DAD1D4 /* Cell */,
				E68A3FD729BEF93E006AFFC6 /* Category */,
				E610826F29BC4AAA00DAD1D4 /* Model */,
			);
			path = MyPet;
			sourceTree = "<group>";
		};
		E610824D29BC467500DAD1D4 /* MyPetTests */ = {
			isa = PBXGroup;
			children = (
				E610824E29BC467500DAD1D4 /* MyPetTests.swift */,
			);
			path = MyPetTests;
			sourceTree = "<group>";
		};
		E610825729BC467500DAD1D4 /* MyPetUITests */ = {
			isa = PBXGroup;
			children = (
				E610825829BC467500DAD1D4 /* MyPetUITests.swift */,
				E610825A29BC467500DAD1D4 /* MyPetUITestsLaunchTests.swift */,
			);
			path = MyPetUITests;
			sourceTree = "<group>";
		};
		E610826729BC4A0500DAD1D4 /* VC */ = {
			isa = PBXGroup;
			children = (
				E6A49CE129F8F83400D5C28C /* Intro */,
				E6A49CE229F8F84900D5C28C /* Main */,
			);
			path = VC;
			sourceTree = "<group>";
		};
		E610826F29BC4AAA00DAD1D4 /* Model */ = {
			isa = PBXGroup;
			children = (
				E649E36329C158FF00565CEF /* HomeModel */,
			);
			path = Model;
			sourceTree = "<group>";
		};
		E610827129BC4BD000DAD1D4 /* Cell */ = {
			isa = PBXGroup;
			children = (
				E6D9C0D92A08B89A0093550E /* GalleryCell */,
				E68679BE29EFB627007EB4CF /* HomeSubCell */,
				E68679B729ED3560007EB4CF /* HomeMainCell */,
				E68679B629ED3506007EB4CF /* HeadCell */,
			);
			path = Cell;
			sourceTree = "<group>";
		};
		E649E36329C158FF00565CEF /* HomeModel */ = {
			isa = PBXGroup;
			children = (
				E610827A29BC5A3200DAD1D4 /* ImgInfo.swift */,
				E610827C29BC5A4E00DAD1D4 /* FoodInfo.swift */,
				E610827E29BC5A8900DAD1D4 /* ListInfo.swift */,
			);
			path = HomeModel;
			sourceTree = "<group>";
		};
		E68679B629ED3506007EB4CF /* HeadCell */ = {
			isa = PBXGroup;
			children = (
				E68679B229ED3502007EB4CF /* HeadCell.swift */,
				E68679B329ED3502007EB4CF /* HeadCell.xib */,
			);
			path = HeadCell;
			sourceTree = "<group>";
		};
		E68679B729ED3560007EB4CF /* HomeMainCell */ = {
			isa = PBXGroup;
			children = (
				E610827229BC4BE700DAD1D4 /* HomeMainCell.swift */,
				E610827329BC4BE700DAD1D4 /* HomeMainCell.xib */,
			);
			path = HomeMainCell;
			sourceTree = "<group>";
		};
		E68679BE29EFB627007EB4CF /* HomeSubCell */ = {
			isa = PBXGroup;
			children = (
				E68679BA29EFB5E8007EB4CF /* HomeSubCell.swift */,
				E68679BB29EFB5E8007EB4CF /* HomeSubCell.xib */,
			);
			path = HomeSubCell;
			sourceTree = "<group>";
		};
		E68A3FD729BEF93E006AFFC6 /* Category */ = {
			isa = PBXGroup;
			children = (
				E68A3FD829BEF94A006AFFC6 /* Utils.swift */,
				E649E35F29C158E500565CEF /* Network.swift */,
				E649E36129C158F200565CEF /* Data.swift */,
				E649E36429C1598800565CEF /* Alert.swift */,
			);
			path = Category;
			sourceTree = "<group>";
		};
		E6A49CE129F8F83400D5C28C /* Intro */ = {
			isa = PBXGroup;
			children = (
				E610827629BC4C3B00DAD1D4 /* IntroVC.swift */,
				E610827829BC534800DAD1D4 /* InitVC.swift */,
				E68679BF29F11A6E007EB4CF /* GalleryInitVC.swift */,
			);
			path = Intro;
			sourceTree = "<group>";
		};
		E6A49CE229F8F84900D5C28C /* Main */ = {
			isa = PBXGroup;
			children = (
				E610823B29BC467500DAD1D4 /* HomeVC.swift */,
				E610826829BC4A2E00DAD1D4 /* ListVC.swift */,
				E610826A29BC4A3900DAD1D4 /* CalVC.swift */,
				E610826C29BC4A4200DAD1D4 /* SetVC.swift */,
				E68679B829EFA6CA007EB4CF /* HomeSecondVC.swift */,
				E6D9C0D72A0885F60093550E /* GalleryVC.swift */,
			);
			path = Main;
			sourceTree = "<group>";
		};
		E6D9C0D92A08B89A0093550E /* GalleryCell */ = {
			isa = PBXGroup;
			children = (
				E6D9C0DA2A08B8C00093550E /* GalleryCell.swift */,
				E6D9C0DB2A08B8C00093550E /* GalleryCell.xib */,
			);
			path = GalleryCell;
			sourceTree = "<group>";
		};
/* End PBXGroup section */

/* Begin PBXNativeTarget section */
		E610823329BC467500DAD1D4 /* MyPet */ = {
			isa = PBXNativeTarget;
			buildConfigurationList = E610825E29BC467500DAD1D4 /* Build configuration list for PBXNativeTarget "MyPet" */;
			buildPhases = (
				FFC30CBEFC6BFC3088F836E4 /* [CP] Check Pods Manifest.lock */,
				E610823029BC467500DAD1D4 /* Sources */,
				E610823129BC467500DAD1D4 /* Frameworks */,
				E610823229BC467500DAD1D4 /* Resources */,
				B1EBF9DBB211AC82892F67A3 /* [CP] Embed Pods Frameworks */,
			);
			buildRules = (
			);
			dependencies = (
			);
			name = MyPet;
			productName = MyPet;
			productReference = E610823429BC467500DAD1D4 /* MyPet.app */;
			productType = "com.apple.product-type.application";
		};
		E610824929BC467500DAD1D4 /* MyPetTests */ = {
			isa = PBXNativeTarget;
			buildConfigurationList = E610826129BC467500DAD1D4 /* Build configuration list for PBXNativeTarget "MyPetTests" */;
			buildPhases = (
				8B113426948514F7242D3440 /* [CP] Check Pods Manifest.lock */,
				E610824629BC467500DAD1D4 /* Sources */,
				E610824729BC467500DAD1D4 /* Frameworks */,
				E610824829BC467500DAD1D4 /* Resources */,
			);
			buildRules = (
			);
			dependencies = (
				E610824C29BC467500DAD1D4 /* PBXTargetDependency */,
			);
			name = MyPetTests;
			productName = MyPetTests;
			productReference = E610824A29BC467500DAD1D4 /* MyPetTests.xctest */;
			productType = "com.apple.product-type.bundle.unit-test";
		};
		E610825329BC467500DAD1D4 /* MyPetUITests */ = {
			isa = PBXNativeTarget;
			buildConfigurationList = E610826429BC467500DAD1D4 /* Build configuration list for PBXNativeTarget "MyPetUITests" */;
			buildPhases = (
				D159D82FE472805B4D22129B /* [CP] Check Pods Manifest.lock */,
				E610825029BC467500DAD1D4 /* Sources */,
				E610825129BC467500DAD1D4 /* Frameworks */,
				E610825229BC467500DAD1D4 /* Resources */,
				E9560450BE69F5E63FB65A05 /* [CP] Embed Pods Frameworks */,
			);
			buildRules = (
			);
			dependencies = (
				E610825629BC467500DAD1D4 /* PBXTargetDependency */,
			);
			name = MyPetUITests;
			productName = MyPetUITests;
			productReference = E610825429BC467500DAD1D4 /* MyPetUITests.xctest */;
			productType = "com.apple.product-type.bundle.ui-testing";
		};
/* End PBXNativeTarget section */

/* Begin PBXProject section */
		E610822C29BC467500DAD1D4 /* Project object */ = {
			isa = PBXProject;
			attributes = {
				BuildIndependentTargetsInParallel = 1;
				LastSwiftUpdateCheck = 1420;
				LastUpgradeCheck = 1420;
				TargetAttributes = {
					E610823329BC467500DAD1D4 = {
						CreatedOnToolsVersion = 14.2;
					};
					E610824929BC467500DAD1D4 = {
						CreatedOnToolsVersion = 14.2;
						TestTargetID = E610823329BC467500DAD1D4;
					};
					E610825329BC467500DAD1D4 = {
						CreatedOnToolsVersion = 14.2;
						TestTargetID = E610823329BC467500DAD1D4;
					};
				};
			};
			buildConfigurationList = E610822F29BC467500DAD1D4 /* Build configuration list for PBXProject "MyPet" */;
			compatibilityVersion = "Xcode 13.0";
			developmentRegion = en;
			hasScannedForEncodings = 0;
			knownRegions = (
				en,
				Base,
			);
			mainGroup = E610822B29BC467500DAD1D4;
			productRefGroup = E610823529BC467500DAD1D4 /* Products */;
			projectDirPath = "";
			projectRoot = "";
			targets = (
				E610823329BC467500DAD1D4 /* MyPet */,
				E610824929BC467500DAD1D4 /* MyPetTests */,
				E610825329BC467500DAD1D4 /* MyPetUITests */,
			);
		};
/* End PBXProject section */

/* Begin PBXResourcesBuildPhase section */
		E610823229BC467500DAD1D4 /* Resources */ = {
			isa = PBXResourcesBuildPhase;
			buildActionMask = 2147483647;
			files = (
				E610824429BC467500DAD1D4 /* LaunchScreen.storyboard in Resources */,
				E6D9C0DD2A08B8C00093550E /* GalleryCell.xib in Resources */,
				E610824129BC467500DAD1D4 /* Assets.xcassets in Resources */,
				E6007B5129BEE35A008E2FE2 /* GoogleService-Info.plist in Resources */,
				E68679BD29EFB5E8007EB4CF /* HomeSubCell.xib in Resources */,
				E68679B529ED3502007EB4CF /* HeadCell.xib in Resources */,
				E610827529BC4BE700DAD1D4 /* HomeMainCell.xib in Resources */,
				E610823F29BC467500DAD1D4 /* Main.storyboard in Resources */,
				E68A3FDB29C04F5E006AFFC6 /* Intro.storyboard in Resources */,
			);
			runOnlyForDeploymentPostprocessing = 0;
		};
		E610824829BC467500DAD1D4 /* Resources */ = {
			isa = PBXResourcesBuildPhase;
			buildActionMask = 2147483647;
			files = (
				E6007B5229BEE35A008E2FE2 /* GoogleService-Info.plist in Resources */,
			);
			runOnlyForDeploymentPostprocessing = 0;
		};
		E610825229BC467500DAD1D4 /* Resources */ = {
			isa = PBXResourcesBuildPhase;
			buildActionMask = 2147483647;
			files = (
				E6007B5329BEE35A008E2FE2 /* GoogleService-Info.plist in Resources */,
			);
			runOnlyForDeploymentPostprocessing = 0;
		};
/* End PBXResourcesBuildPhase section */

/* Begin PBXShellScriptBuildPhase section */
		8B113426948514F7242D3440 /* [CP] Check Pods Manifest.lock */ = {
			isa = PBXShellScriptBuildPhase;
			buildActionMask = 2147483647;
			files = (
			);
			inputFileListPaths = (
			);
			inputPaths = (
				"${PODS_PODFILE_DIR_PATH}/Podfile.lock",
				"${PODS_ROOT}/Manifest.lock",
			);
			name = "[CP] Check Pods Manifest.lock";
			outputFileListPaths = (
			);
			outputPaths = (
				"$(DERIVED_FILE_DIR)/Pods-MyPetTests-checkManifestLockResult.txt",
			);
			runOnlyForDeploymentPostprocessing = 0;
			shellPath = /bin/sh;
			shellScript = "diff \"${PODS_PODFILE_DIR_PATH}/Podfile.lock\" \"${PODS_ROOT}/Manifest.lock\" > /dev/null\nif [ $? != 0 ] ; then\n    # print error to STDERR\n    echo \"error: The sandbox is not in sync with the Podfile.lock. Run 'pod install' or update your CocoaPods installation.\" >&2\n    exit 1\nfi\n# This output is used by Xcode 'outputs' to avoid re-running this script phase.\necho \"SUCCESS\" > \"${SCRIPT_OUTPUT_FILE_0}\"\n";
			showEnvVarsInLog = 0;
		};
		B1EBF9DBB211AC82892F67A3 /* [CP] Embed Pods Frameworks */ = {
			isa = PBXShellScriptBuildPhase;
			buildActionMask = 2147483647;
			files = (
			);
			inputFileListPaths = (
				"${PODS_ROOT}/Target Support Files/Pods-MyPet/Pods-MyPet-frameworks-${CONFIGURATION}-input-files.xcfilelist",
			);
			name = "[CP] Embed Pods Frameworks";
			outputFileListPaths = (
				"${PODS_ROOT}/Target Support Files/Pods-MyPet/Pods-MyPet-frameworks-${CONFIGURATION}-output-files.xcfilelist",
			);
			runOnlyForDeploymentPostprocessing = 0;
			shellPath = /bin/sh;
			shellScript = "\"${PODS_ROOT}/Target Support Files/Pods-MyPet/Pods-MyPet-frameworks.sh\"\n";
			showEnvVarsInLog = 0;
		};
		D159D82FE472805B4D22129B /* [CP] Check Pods Manifest.lock */ = {
			isa = PBXShellScriptBuildPhase;
			buildActionMask = 2147483647;
			files = (
			);
			inputFileListPaths = (
			);
			inputPaths = (
				"${PODS_PODFILE_DIR_PATH}/Podfile.lock",
				"${PODS_ROOT}/Manifest.lock",
			);
			name = "[CP] Check Pods Manifest.lock";
			outputFileListPaths = (
			);
			outputPaths = (
				"$(DERIVED_FILE_DIR)/Pods-MyPet-MyPetUITests-checkManifestLockResult.txt",
			);
			runOnlyForDeploymentPostprocessing = 0;
			shellPath = /bin/sh;
			shellScript = "diff \"${PODS_PODFILE_DIR_PATH}/Podfile.lock\" \"${PODS_ROOT}/Manifest.lock\" > /dev/null\nif [ $? != 0 ] ; then\n    # print error to STDERR\n    echo \"error: The sandbox is not in sync with the Podfile.lock. Run 'pod install' or update your CocoaPods installation.\" >&2\n    exit 1\nfi\n# This output is used by Xcode 'outputs' to avoid re-running this script phase.\necho \"SUCCESS\" > \"${SCRIPT_OUTPUT_FILE_0}\"\n";
			showEnvVarsInLog = 0;
		};
		E9560450BE69F5E63FB65A05 /* [CP] Embed Pods Frameworks */ = {
			isa = PBXShellScriptBuildPhase;
			buildActionMask = 2147483647;
			files = (
			);
			inputFileListPaths = (
				"${PODS_ROOT}/Target Support Files/Pods-MyPet-MyPetUITests/Pods-MyPet-MyPetUITests-frameworks-${CONFIGURATION}-input-files.xcfilelist",
			);
			name = "[CP] Embed Pods Frameworks";
			outputFileListPaths = (
				"${PODS_ROOT}/Target Support Files/Pods-MyPet-MyPetUITests/Pods-MyPet-MyPetUITests-frameworks-${CONFIGURATION}-output-files.xcfilelist",
			);
			runOnlyForDeploymentPostprocessing = 0;
			shellPath = /bin/sh;
			shellScript = "\"${PODS_ROOT}/Target Support Files/Pods-MyPet-MyPetUITests/Pods-MyPet-MyPetUITests-frameworks.sh\"\n";
			showEnvVarsInLog = 0;
		};
		FFC30CBEFC6BFC3088F836E4 /* [CP] Check Pods Manifest.lock */ = {
			isa = PBXShellScriptBuildPhase;
			buildActionMask = 2147483647;
			files = (
			);
			inputFileListPaths = (
			);
			inputPaths = (
				"${PODS_PODFILE_DIR_PATH}/Podfile.lock",
				"${PODS_ROOT}/Manifest.lock",
			);
			name = "[CP] Check Pods Manifest.lock";
			outputFileListPaths = (
			);
			outputPaths = (
				"$(DERIVED_FILE_DIR)/Pods-MyPet-checkManifestLockResult.txt",
			);
			runOnlyForDeploymentPostprocessing = 0;
			shellPath = /bin/sh;
			shellScript = "diff \"${PODS_PODFILE_DIR_PATH}/Podfile.lock\" \"${PODS_ROOT}/Manifest.lock\" > /dev/null\nif [ $? != 0 ] ; then\n    # print error to STDERR\n    echo \"error: The sandbox is not in sync with the Podfile.lock. Run 'pod install' or update your CocoaPods installation.\" >&2\n    exit 1\nfi\n# This output is used by Xcode 'outputs' to avoid re-running this script phase.\necho \"SUCCESS\" > \"${SCRIPT_OUTPUT_FILE_0}\"\n";
			showEnvVarsInLog = 0;
		};
/* End PBXShellScriptBuildPhase section */

/* Begin PBXSourcesBuildPhase section */
		E610823029BC467500DAD1D4 /* Sources */ = {
			isa = PBXSourcesBuildPhase;
			buildActionMask = 2147483647;
			files = (
				E610826929BC4A2E00DAD1D4 /* ListVC.swift in Sources */,
				E68679B929EFA6CA007EB4CF /* HomeSecondVC.swift in Sources */,
				E6D9C0DC2A08B8C00093550E /* GalleryCell.swift in Sources */,
				E649E36229C158F200565CEF /* Data.swift in Sources */,
				E68679C029F11A6E007EB4CF /* GalleryInitVC.swift in Sources */,
				E610827929BC534800DAD1D4 /* InitVC.swift in Sources */,
				E610827429BC4BE700DAD1D4 /* HomeMainCell.swift in Sources */,
				E610826B29BC4A3900DAD1D4 /* CalVC.swift in Sources */,
				E610823C29BC467500DAD1D4 /* HomeVC.swift in Sources */,
				E68679B429ED3502007EB4CF /* HeadCell.swift in Sources */,
				E68A3FD929BEF94A006AFFC6 /* Utils.swift in Sources */,
				E610827B29BC5A3200DAD1D4 /* ImgInfo.swift in Sources */,
				E610827D29BC5A4E00DAD1D4 /* FoodInfo.swift in Sources */,
				E610826D29BC4A4200DAD1D4 /* SetVC.swift in Sources */,
				E610827729BC4C3B00DAD1D4 /* IntroVC.swift in Sources */,
				E610827F29BC5A8900DAD1D4 /* ListInfo.swift in Sources */,
				E68679BC29EFB5E8007EB4CF /* HomeSubCell.swift in Sources */,
				E610823829BC467500DAD1D4 /* AppDelegate.swift in Sources */,
				E649E36029C158E500565CEF /* Network.swift in Sources */,
				E649E36529C1598800565CEF /* Alert.swift in Sources */,
				E6D9C0D82A0885F60093550E /* GalleryVC.swift in Sources */,
				E610823A29BC467500DAD1D4 /* SceneDelegate.swift in Sources */,
			);
			runOnlyForDeploymentPostprocessing = 0;
		};
		E610824629BC467500DAD1D4 /* Sources */ = {
			isa = PBXSourcesBuildPhase;
			buildActionMask = 2147483647;
			files = (
				E610824F29BC467500DAD1D4 /* MyPetTests.swift in Sources */,
			);
			runOnlyForDeploymentPostprocessing = 0;
		};
		E610825029BC467500DAD1D4 /* Sources */ = {
			isa = PBXSourcesBuildPhase;
			buildActionMask = 2147483647;
			files = (
				E610825B29BC467500DAD1D4 /* MyPetUITestsLaunchTests.swift in Sources */,
				E610825929BC467500DAD1D4 /* MyPetUITests.swift in Sources */,
			);
			runOnlyForDeploymentPostprocessing = 0;
		};
/* End PBXSourcesBuildPhase section */

/* Begin PBXTargetDependency section */
		E610824C29BC467500DAD1D4 /* PBXTargetDependency */ = {
			isa = PBXTargetDependency;
			target = E610823329BC467500DAD1D4 /* MyPet */;
			targetProxy = E610824B29BC467500DAD1D4 /* PBXContainerItemProxy */;
		};
		E610825629BC467500DAD1D4 /* PBXTargetDependency */ = {
			isa = PBXTargetDependency;
			target = E610823329BC467500DAD1D4 /* MyPet */;
			targetProxy = E610825529BC467500DAD1D4 /* PBXContainerItemProxy */;
		};
/* End PBXTargetDependency section */

/* Begin PBXVariantGroup section */
		E610823D29BC467500DAD1D4 /* Main.storyboard */ = {
			isa = PBXVariantGroup;
			children = (
				E610823E29BC467500DAD1D4 /* Base */,
			);
			name = Main.storyboard;
			sourceTree = "<group>";
		};
		E610824229BC467500DAD1D4 /* LaunchScreen.storyboard */ = {
			isa = PBXVariantGroup;
			children = (
				E610824329BC467500DAD1D4 /* Base */,
			);
			name = LaunchScreen.storyboard;
			sourceTree = "<group>";
		};
/* End PBXVariantGroup section */

/* Begin XCBuildConfiguration section */
		E610825C29BC467500DAD1D4 /* Debug */ = {
			isa = XCBuildConfiguration;
			buildSettings = {
				ALWAYS_SEARCH_USER_PATHS = NO;
				CLANG_ANALYZER_NONNULL = YES;
				CLANG_ANALYZER_NUMBER_OBJECT_CONVERSION = YES_AGGRESSIVE;
				CLANG_CXX_LANGUAGE_STANDARD = "gnu++20";
				CLANG_ENABLE_MODULES = YES;
				CLANG_ENABLE_OBJC_ARC = YES;
				CLANG_ENABLE_OBJC_WEAK = YES;
				CLANG_WARN_BLOCK_CAPTURE_AUTORELEASING = YES;
				CLANG_WARN_BOOL_CONVERSION = YES;
				CLANG_WARN_COMMA = YES;
				CLANG_WARN_CONSTANT_CONVERSION = YES;
				CLANG_WARN_DEPRECATED_OBJC_IMPLEMENTATIONS = YES;
				CLANG_WARN_DIRECT_OBJC_ISA_USAGE = YES_ERROR;
				CLANG_WARN_DOCUMENTATION_COMMENTS = YES;
				CLANG_WARN_EMPTY_BODY = YES;
				CLANG_WARN_ENUM_CONVERSION = YES;
				CLANG_WARN_INFINITE_RECURSION = YES;
				CLANG_WARN_INT_CONVERSION = YES;
				CLANG_WARN_NON_LITERAL_NULL_CONVERSION = YES;
				CLANG_WARN_OBJC_IMPLICIT_RETAIN_SELF = YES;
				CLANG_WARN_OBJC_LITERAL_CONVERSION = YES;
				CLANG_WARN_OBJC_ROOT_CLASS = YES_ERROR;
				CLANG_WARN_QUOTED_INCLUDE_IN_FRAMEWORK_HEADER = YES;
				CLANG_WARN_RANGE_LOOP_ANALYSIS = YES;
				CLANG_WARN_STRICT_PROTOTYPES = YES;
				CLANG_WARN_SUSPICIOUS_MOVE = YES;
				CLANG_WARN_UNGUARDED_AVAILABILITY = YES_AGGRESSIVE;
				CLANG_WARN_UNREACHABLE_CODE = YES;
				CLANG_WARN__DUPLICATE_METHOD_MATCH = YES;
				COPY_PHASE_STRIP = NO;
				DEBUG_INFORMATION_FORMAT = dwarf;
				ENABLE_STRICT_OBJC_MSGSEND = YES;
				ENABLE_TESTABILITY = YES;
				GCC_C_LANGUAGE_STANDARD = gnu11;
				GCC_DYNAMIC_NO_PIC = NO;
				GCC_NO_COMMON_BLOCKS = YES;
				GCC_OPTIMIZATION_LEVEL = 0;
				GCC_PREPROCESSOR_DEFINITIONS = (
					"DEBUG=1",
					"$(inherited)",
				);
				GCC_WARN_64_TO_32_BIT_CONVERSION = YES;
				GCC_WARN_ABOUT_RETURN_TYPE = YES_ERROR;
				GCC_WARN_UNDECLARED_SELECTOR = YES;
				GCC_WARN_UNINITIALIZED_AUTOS = YES_AGGRESSIVE;
				GCC_WARN_UNUSED_FUNCTION = YES;
				GCC_WARN_UNUSED_VARIABLE = YES;
				IPHONEOS_DEPLOYMENT_TARGET = 16.2;
				MTL_ENABLE_DEBUG_INFO = INCLUDE_SOURCE;
				MTL_FAST_MATH = YES;
				ONLY_ACTIVE_ARCH = YES;
				SDKROOT = iphoneos;
				SWIFT_ACTIVE_COMPILATION_CONDITIONS = DEBUG;
				SWIFT_OPTIMIZATION_LEVEL = "-Onone";
			};
			name = Debug;
		};
		E610825D29BC467500DAD1D4 /* Release */ = {
			isa = XCBuildConfiguration;
			buildSettings = {
				ALWAYS_SEARCH_USER_PATHS = NO;
				CLANG_ANALYZER_NONNULL = YES;
				CLANG_ANALYZER_NUMBER_OBJECT_CONVERSION = YES_AGGRESSIVE;
				CLANG_CXX_LANGUAGE_STANDARD = "gnu++20";
				CLANG_ENABLE_MODULES = YES;
				CLANG_ENABLE_OBJC_ARC = YES;
				CLANG_ENABLE_OBJC_WEAK = YES;
				CLANG_WARN_BLOCK_CAPTURE_AUTORELEASING = YES;
				CLANG_WARN_BOOL_CONVERSION = YES;
				CLANG_WARN_COMMA = YES;
				CLANG_WARN_CONSTANT_CONVERSION = YES;
				CLANG_WARN_DEPRECATED_OBJC_IMPLEMENTATIONS = YES;
				CLANG_WARN_DIRECT_OBJC_ISA_USAGE = YES_ERROR;
				CLANG_WARN_DOCUMENTATION_COMMENTS = YES;
				CLANG_WARN_EMPTY_BODY = YES;
				CLANG_WARN_ENUM_CONVERSION = YES;
				CLANG_WARN_INFINITE_RECURSION = YES;
				CLANG_WARN_INT_CONVERSION = YES;
				CLANG_WARN_NON_LITERAL_NULL_CONVERSION = YES;
				CLANG_WARN_OBJC_IMPLICIT_RETAIN_SELF = YES;
				CLANG_WARN_OBJC_LITERAL_CONVERSION = YES;
				CLANG_WARN_OBJC_ROOT_CLASS = YES_ERROR;
				CLANG_WARN_QUOTED_INCLUDE_IN_FRAMEWORK_HEADER = YES;
				CLANG_WARN_RANGE_LOOP_ANALYSIS = YES;
				CLANG_WARN_STRICT_PROTOTYPES = YES;
				CLANG_WARN_SUSPICIOUS_MOVE = YES;
				CLANG_WARN_UNGUARDED_AVAILABILITY = YES_AGGRESSIVE;
				CLANG_WARN_UNREACHABLE_CODE = YES;
				CLANG_WARN__DUPLICATE_METHOD_MATCH = YES;
				COPY_PHASE_STRIP = NO;
				DEBUG_INFORMATION_FORMAT = "dwarf-with-dsym";
				ENABLE_NS_ASSERTIONS = NO;
				ENABLE_STRICT_OBJC_MSGSEND = YES;
				GCC_C_LANGUAGE_STANDARD = gnu11;
				GCC_NO_COMMON_BLOCKS = YES;
				GCC_WARN_64_TO_32_BIT_CONVERSION = YES;
				GCC_WARN_ABOUT_RETURN_TYPE = YES_ERROR;
				GCC_WARN_UNDECLARED_SELECTOR = YES;
				GCC_WARN_UNINITIALIZED_AUTOS = YES_AGGRESSIVE;
				GCC_WARN_UNUSED_FUNCTION = YES;
				GCC_WARN_UNUSED_VARIABLE = YES;
				IPHONEOS_DEPLOYMENT_TARGET = 16.2;
				MTL_ENABLE_DEBUG_INFO = NO;
				MTL_FAST_MATH = YES;
				SDKROOT = iphoneos;
				SWIFT_COMPILATION_MODE = wholemodule;
				SWIFT_OPTIMIZATION_LEVEL = "-O";
				VALIDATE_PRODUCT = YES;
			};
			name = Release;
		};
		E610825F29BC467500DAD1D4 /* Debug */ = {
			isa = XCBuildConfiguration;
			baseConfigurationReference = 097850BF0541EEB54E572056 /* Pods-MyPet.debug.xcconfig */;
			buildSettings = {
				ASSETCATALOG_COMPILER_APPICON_NAME = AppIcon;
				ASSETCATALOG_COMPILER_GLOBAL_ACCENT_COLOR_NAME = AccentColor;
				CODE_SIGN_ENTITLEMENTS = MyPet/MyPet.entitlements;
				CODE_SIGN_STYLE = Automatic;
				CURRENT_PROJECT_VERSION = 1;
				DEVELOPMENT_TEAM = 8Y7368PHBN;
				GENERATE_INFOPLIST_FILE = YES;
				INFOPLIST_FILE = MyPet/Info.plist;
				INFOPLIST_KEY_UIApplicationSupportsIndirectInputEvents = YES;
				INFOPLIST_KEY_UILaunchStoryboardName = LaunchScreen.storyboard;
				INFOPLIST_KEY_UIMainStoryboardFile = Main;
				INFOPLIST_KEY_UISupportedInterfaceOrientations_iPad = "UIInterfaceOrientationPortrait UIInterfaceOrientationPortraitUpsideDown UIInterfaceOrientationLandscapeLeft UIInterfaceOrientationLandscapeRight";
				INFOPLIST_KEY_UISupportedInterfaceOrientations_iPhone = "UIInterfaceOrientationPortrait UIInterfaceOrientationLandscapeLeft UIInterfaceOrientationLandscapeRight";
				IPHONEOS_DEPLOYMENT_TARGET = 14.0;
				LD_RUNPATH_SEARCH_PATHS = (
					"$(inherited)",
					"@executable_path/Frameworks",
				);
				MARKETING_VERSION = 1.0;
				PRODUCT_BUNDLE_IDENTIFIER = myPet.ios;
				PRODUCT_NAME = "$(TARGET_NAME)";
				SWIFT_EMIT_LOC_STRINGS = YES;
				SWIFT_VERSION = 5.0;
				TARGETED_DEVICE_FAMILY = "1,2";
			};
			name = Debug;
		};
		E610826029BC467500DAD1D4 /* Release */ = {
			isa = XCBuildConfiguration;
			baseConfigurationReference = 4C626687E8630D5D7A07D12F /* Pods-MyPet.release.xcconfig */;
			buildSettings = {
				ASSETCATALOG_COMPILER_APPICON_NAME = AppIcon;
				ASSETCATALOG_COMPILER_GLOBAL_ACCENT_COLOR_NAME = AccentColor;
				CODE_SIGN_ENTITLEMENTS = MyPet/MyPet.entitlements;
				CODE_SIGN_STYLE = Automatic;
				CURRENT_PROJECT_VERSION = 1;
				DEVELOPMENT_TEAM = 8Y7368PHBN;
				GENERATE_INFOPLIST_FILE = YES;
				INFOPLIST_FILE = MyPet/Info.plist;
				INFOPLIST_KEY_UIApplicationSupportsIndirectInputEvents = YES;
				INFOPLIST_KEY_UILaunchStoryboardName = LaunchScreen.storyboard;
				INFOPLIST_KEY_UIMainStoryboardFile = Main;
				INFOPLIST_KEY_UISupportedInterfaceOrientations_iPad = "UIInterfaceOrientationPortrait UIInterfaceOrientationPortraitUpsideDown UIInterfaceOrientationLandscapeLeft UIInterfaceOrientationLandscapeRight";
				INFOPLIST_KEY_UISupportedInterfaceOrientations_iPhone = "UIInterfaceOrientationPortrait UIInterfaceOrientationLandscapeLeft UIInterfaceOrientationLandscapeRight";
				IPHONEOS_DEPLOYMENT_TARGET = 14.0;
				LD_RUNPATH_SEARCH_PATHS = (
					"$(inherited)",
					"@executable_path/Frameworks",
				);
				MARKETING_VERSION = 1.0;
				PRODUCT_BUNDLE_IDENTIFIER = myPet.ios;
				PRODUCT_NAME = "$(TARGET_NAME)";
				SWIFT_EMIT_LOC_STRINGS = YES;
				SWIFT_VERSION = 5.0;
				TARGETED_DEVICE_FAMILY = "1,2";
			};
			name = Release;
		};
		E610826229BC467500DAD1D4 /* Debug */ = {
			isa = XCBuildConfiguration;
			baseConfigurationReference = 981E465E2772BF6958C3ACC6 /* Pods-MyPetTests.debug.xcconfig */;
			buildSettings = {
				ALWAYS_EMBED_SWIFT_STANDARD_LIBRARIES = YES;
				BUNDLE_LOADER = "$(TEST_HOST)";
				CODE_SIGN_STYLE = Automatic;
				CURRENT_PROJECT_VERSION = 1;
				DEVELOPMENT_TEAM = 8Y7368PHBN;
				GENERATE_INFOPLIST_FILE = YES;
				IPHONEOS_DEPLOYMENT_TARGET = 16.2;
				MARKETING_VERSION = 1.0;
				PRODUCT_BUNDLE_IDENTIFIER = seunghun.MyPetTests;
				PRODUCT_NAME = "$(TARGET_NAME)";
				SWIFT_EMIT_LOC_STRINGS = NO;
				SWIFT_VERSION = 5.0;
				TARGETED_DEVICE_FAMILY = "1,2";
				TEST_HOST = "$(BUILT_PRODUCTS_DIR)/MyPet.app/$(BUNDLE_EXECUTABLE_FOLDER_PATH)/MyPet";
			};
			name = Debug;
		};
		E610826329BC467500DAD1D4 /* Release */ = {
			isa = XCBuildConfiguration;
			baseConfigurationReference = A81EF01046A1B017E2A18512 /* Pods-MyPetTests.release.xcconfig */;
			buildSettings = {
				ALWAYS_EMBED_SWIFT_STANDARD_LIBRARIES = YES;
				BUNDLE_LOADER = "$(TEST_HOST)";
				CODE_SIGN_STYLE = Automatic;
				CURRENT_PROJECT_VERSION = 1;
				DEVELOPMENT_TEAM = 8Y7368PHBN;
				GENERATE_INFOPLIST_FILE = YES;
				IPHONEOS_DEPLOYMENT_TARGET = 16.2;
				MARKETING_VERSION = 1.0;
				PRODUCT_BUNDLE_IDENTIFIER = seunghun.MyPetTests;
				PRODUCT_NAME = "$(TARGET_NAME)";
				SWIFT_EMIT_LOC_STRINGS = NO;
				SWIFT_VERSION = 5.0;
				TARGETED_DEVICE_FAMILY = "1,2";
				TEST_HOST = "$(BUILT_PRODUCTS_DIR)/MyPet.app/$(BUNDLE_EXECUTABLE_FOLDER_PATH)/MyPet";
			};
			name = Release;
		};
		E610826529BC467500DAD1D4 /* Debug */ = {
			isa = XCBuildConfiguration;
			baseConfigurationReference = 6ECC40759B98342D2EB56233 /* Pods-MyPet-MyPetUITests.debug.xcconfig */;
			buildSettings = {
				ALWAYS_EMBED_SWIFT_STANDARD_LIBRARIES = YES;
				CODE_SIGN_STYLE = Automatic;
				CURRENT_PROJECT_VERSION = 1;
				DEVELOPMENT_TEAM = 8Y7368PHBN;
				GENERATE_INFOPLIST_FILE = YES;
				MARKETING_VERSION = 1.0;
				PRODUCT_BUNDLE_IDENTIFIER = seunghun.MyPetUITests;
				PRODUCT_NAME = "$(TARGET_NAME)";
				SWIFT_EMIT_LOC_STRINGS = NO;
				SWIFT_VERSION = 5.0;
				TARGETED_DEVICE_FAMILY = "1,2";
				TEST_TARGET_NAME = MyPet;
			};
			name = Debug;
		};
		E610826629BC467500DAD1D4 /* Release */ = {
			isa = XCBuildConfiguration;
			baseConfigurationReference = 5106D64318F10AB8765798DB /* Pods-MyPet-MyPetUITests.release.xcconfig */;
			buildSettings = {
				ALWAYS_EMBED_SWIFT_STANDARD_LIBRARIES = YES;
				CODE_SIGN_STYLE = Automatic;
				CURRENT_PROJECT_VERSION = 1;
				DEVELOPMENT_TEAM = 8Y7368PHBN;
				GENERATE_INFOPLIST_FILE = YES;
				MARKETING_VERSION = 1.0;
				PRODUCT_BUNDLE_IDENTIFIER = seunghun.MyPetUITests;
				PRODUCT_NAME = "$(TARGET_NAME)";
				SWIFT_EMIT_LOC_STRINGS = NO;
				SWIFT_VERSION = 5.0;
				TARGETED_DEVICE_FAMILY = "1,2";
				TEST_TARGET_NAME = MyPet;
			};
			name = Release;
		};
/* End XCBuildConfiguration section */

/* Begin XCConfigurationList section */
		E610822F29BC467500DAD1D4 /* Build configuration list for PBXProject "MyPet" */ = {
			isa = XCConfigurationList;
			buildConfigurations = (
				E610825C29BC467500DAD1D4 /* Debug */,
				E610825D29BC467500DAD1D4 /* Release */,
			);
			defaultConfigurationIsVisible = 0;
			defaultConfigurationName = Release;
		};
		E610825E29BC467500DAD1D4 /* Build configuration list for PBXNativeTarget "MyPet" */ = {
			isa = XCConfigurationList;
			buildConfigurations = (
				E610825F29BC467500DAD1D4 /* Debug */,
				E610826029BC467500DAD1D4 /* Release */,
			);
			defaultConfigurationIsVisible = 0;
			defaultConfigurationName = Release;
		};
		E610826129BC467500DAD1D4 /* Build configuration list for PBXNativeTarget "MyPetTests" */ = {
			isa = XCConfigurationList;
			buildConfigurations = (
				E610826229BC467500DAD1D4 /* Debug */,
				E610826329BC467500DAD1D4 /* Release */,
			);
			defaultConfigurationIsVisible = 0;
			defaultConfigurationName = Release;
		};
		E610826429BC467500DAD1D4 /* Build configuration list for PBXNativeTarget "MyPetUITests" */ = {
			isa = XCConfigurationList;
			buildConfigurations = (
				E610826529BC467500DAD1D4 /* Debug */,
				E610826629BC467500DAD1D4 /* Release */,
			);
			defaultConfigurationIsVisible = 0;
			defaultConfigurationName = Release;
		};
/* End XCConfigurationList section */
	};
	rootObject = E610822C29BC467500DAD1D4 /* Project object */;
}
